// !$*UTF8*$!
{
	archiveVersion = 1;
	classes = {
	};
	objectVersion = 50;
	objects = {

/* Begin PBXBuildFile section */
		7041B66F22BAC1A30089F47C /* AppDelegate.swift in Sources */ = {isa = PBXBuildFile; fileRef = 7041B66E22BAC1A30089F47C /* AppDelegate.swift */; };
		7041B67122BAC1A30089F47C /* SceneDelegate.swift in Sources */ = {isa = PBXBuildFile; fileRef = 7041B67022BAC1A30089F47C /* SceneDelegate.swift */; };
		7041B67322BAC1A30089F47C /* ViewController.swift in Sources */ = {isa = PBXBuildFile; fileRef = 7041B67222BAC1A30089F47C /* ViewController.swift */; };
		7041B67622BAC1A30089F47C /* Main.storyboard in Resources */ = {isa = PBXBuildFile; fileRef = 7041B67422BAC1A30089F47C /* Main.storyboard */; };
		7041B67822BAC1A40089F47C /* Assets.xcassets in Resources */ = {isa = PBXBuildFile; fileRef = 7041B67722BAC1A40089F47C /* Assets.xcassets */; };
		7041B67B22BAC1A40089F47C /* LaunchScreen.storyboard in Resources */ = {isa = PBXBuildFile; fileRef = 7041B67922BAC1A40089F47C /* LaunchScreen.storyboard */; };
		7041B68622BAC1A40089F47C /* PreviewCheckTests.swift in Sources */ = {isa = PBXBuildFile; fileRef = 7041B68522BAC1A40089F47C /* PreviewCheckTests.swift */; };
		7041B69122BAC1A40089F47C /* PreviewCheckUITests.swift in Sources */ = {isa = PBXBuildFile; fileRef = 7041B69022BAC1A40089F47C /* PreviewCheckUITests.swift */; };
/* End PBXBuildFile section */

/* Begin PBXContainerItemProxy section */
		7041B68222BAC1A40089F47C /* PBXContainerItemProxy */ = {
			isa = PBXContainerItemProxy;
			containerPortal = 7041B66322BAC1A30089F47C /* Project object */;
			proxyType = 1;
			remoteGlobalIDString = 7041B66A22BAC1A30089F47C;
			remoteInfo = PreviewCheck;
		};
		7041B68D22BAC1A40089F47C /* PBXContainerItemProxy */ = {
			isa = PBXContainerItemProxy;
			containerPortal = 7041B66322BAC1A30089F47C /* Project object */;
			proxyType = 1;
			remoteGlobalIDString = 7041B66A22BAC1A30089F47C;
			remoteInfo = PreviewCheck;
		};
/* End PBXContainerItemProxy section */

/* Begin PBXFileReference section */
		7041B66B22BAC1A30089F47C /* PreviewCheck.app */ = {isa = PBXFileReference; explicitFileType = wrapper.application; includeInIndex = 0; path = PreviewCheck.app; sourceTree = BUILT_PRODUCTS_DIR; };
		7041B66E22BAC1A30089F47C /* AppDelegate.swift */ = {isa = PBXFileReference; lastKnownFileType = sourcecode.swift; path = AppDelegate.swift; sourceTree = "<group>"; };
		7041B67022BAC1A30089F47C /* SceneDelegate.swift */ = {isa = PBXFileReference; lastKnownFileType = sourcecode.swift; path = SceneDelegate.swift; sourceTree = "<group>"; };
		7041B67222BAC1A30089F47C /* ViewController.swift */ = {isa = PBXFileReference; lastKnownFileType = sourcecode.swift; path = ViewController.swift; sourceTree = "<group>"; };
		7041B67522BAC1A30089F47C /* Base */ = {isa = PBXFileReference; lastKnownFileType = file.storyboard; name = Base; path = Base.lproj/Main.storyboard; sourceTree = "<group>"; };
		7041B67722BAC1A40089F47C /* Assets.xcassets */ = {isa = PBXFileReference; lastKnownFileType = folder.assetcatalog; path = Assets.xcassets; sourceTree = "<group>"; };
		7041B67A22BAC1A40089F47C /* Base */ = {isa = PBXFileReference; lastKnownFileType = file.storyboard; name = Base; path = Base.lproj/LaunchScreen.storyboard; sourceTree = "<group>"; };
		7041B67C22BAC1A40089F47C /* Info.plist */ = {isa = PBXFileReference; lastKnownFileType = text.plist.xml; path = Info.plist; sourceTree = "<group>"; };
		7041B68122BAC1A40089F47C /* PreviewCheckTests.xctest */ = {isa = PBXFileReference; explicitFileType = wrapper.cfbundle; includeInIndex = 0; path = PreviewCheckTests.xctest; sourceTree = BUILT_PRODUCTS_DIR; };
		7041B68522BAC1A40089F47C /* PreviewCheckTests.swift */ = {isa = PBXFileReference; lastKnownFileType = sourcecode.swift; path = PreviewCheckTests.swift; sourceTree = "<group>"; };
		7041B68722BAC1A40089F47C /* Info.plist */ = {isa = PBXFileReference; lastKnownFileType = text.plist.xml; path = Info.plist; sourceTree = "<group>"; };
		7041B68C22BAC1A40089F47C /* PreviewCheckUITests.xctest */ = {isa = PBXFileReference; explicitFileType = wrapper.cfbundle; includeInIndex = 0; path = PreviewCheckUITests.xctest; sourceTree = BUILT_PRODUCTS_DIR; };
		7041B69022BAC1A40089F47C /* PreviewCheckUITests.swift */ = {isa = PBXFileReference; lastKnownFileType = sourcecode.swift; path = PreviewCheckUITests.swift; sourceTree = "<group>"; };
		7041B69222BAC1A40089F47C /* Info.plist */ = {isa = PBXFileReference; lastKnownFileType = text.plist.xml; path = Info.plist; sourceTree = "<group>"; };
/* End PBXFileReference section */

/* Begin PBXFrameworksBuildPhase section */
		7041B66822BAC1A30089F47C /* Frameworks */ = {
			isa = PBXFrameworksBuildPhase;
			buildActionMask = 2147483647;
			files = (
			);
			runOnlyForDeploymentPostprocessing = 0;
		};
		7041B67E22BAC1A40089F47C /* Frameworks */ = {
			isa = PBXFrameworksBuildPhase;
			buildActionMask = 2147483647;
			files = (
			);
			runOnlyForDeploymentPostprocessing = 0;
		};
		7041B68922BAC1A40089F47C /* Frameworks */ = {
			isa = PBXFrameworksBuildPhase;
			buildActionMask = 2147483647;
			files = (
			);
			runOnlyForDeploymentPostprocessing = 0;
		};
/* End PBXFrameworksBuildPhase section */

/* Begin PBXGroup section */
		7041B66222BAC1A30089F47C = {
			isa = PBXGroup;
			children = (
				7041B66D22BAC1A30089F47C /* PreviewCheck */,
				7041B68422BAC1A40089F47C /* PreviewCheckTests */,
				7041B68F22BAC1A40089F47C /* PreviewCheckUITests */,
				7041B66C22BAC1A30089F47C /* Products */,
			);
			sourceTree = "<group>";
		};
		7041B66C22BAC1A30089F47C /* Products */ = {
			isa = PBXGroup;
			children = (
				7041B66B22BAC1A30089F47C /* PreviewCheck.app */,
				7041B68122BAC1A40089F47C /* PreviewCheckTests.xctest */,
				7041B68C22BAC1A40089F47C /* PreviewCheckUITests.xctest */,
			);
			name = Products;
			sourceTree = "<group>";
		};
		7041B66D22BAC1A30089F47C /* PreviewCheck */ = {
			isa = PBXGroup;
			children = (
				7041B66E22BAC1A30089F47C /* AppDelegate.swift */,
				7041B67022BAC1A30089F47C /* SceneDelegate.swift */,
				7041B67222BAC1A30089F47C /* ViewController.swift */,
				7041B67422BAC1A30089F47C /* Main.storyboard */,
				7041B67722BAC1A40089F47C /* Assets.xcassets */,
				7041B67922BAC1A40089F47C /* LaunchScreen.storyboard */,
				7041B67C22BAC1A40089F47C /* Info.plist */,
			);
			path = PreviewCheck;
			sourceTree = "<group>";
		};
		7041B68422BAC1A40089F47C /* PreviewCheckTests */ = {
			isa = PBXGroup;
			children = (
				7041B68522BAC1A40089F47C /* PreviewCheckTests.swift */,
				7041B68722BAC1A40089F47C /* Info.plist */,
			);
			path = PreviewCheckTests;
			sourceTree = "<group>";
		};
		7041B68F22BAC1A40089F47C /* PreviewCheckUITests */ = {
			isa = PBXGroup;
			children = (
				7041B69022BAC1A40089F47C /* PreviewCheckUITests.swift */,
				7041B69222BAC1A40089F47C /* Info.plist */,
			);
			path = PreviewCheckUITests;
			sourceTree = "<group>";
		};
/* End PBXGroup section */

/* Begin PBXNativeTarget section */
		7041B66A22BAC1A30089F47C /* PreviewCheck */ = {
			isa = PBXNativeTarget;
			buildConfigurationList = 7041B69522BAC1A40089F47C /* Build configuration list for PBXNativeTarget "PreviewCheck" */;
			buildPhases = (
				7041B66722BAC1A30089F47C /* Sources */,
				7041B66822BAC1A30089F47C /* Frameworks */,
				7041B66922BAC1A30089F47C /* Resources */,
			);
			buildRules = (
			);
			dependencies = (
			);
			name = PreviewCheck;
			productName = PreviewCheck;
			productReference = 7041B66B22BAC1A30089F47C /* PreviewCheck.app */;
			productType = "com.apple.product-type.application";
		};
		7041B68022BAC1A40089F47C /* PreviewCheckTests */ = {
			isa = PBXNativeTarget;
			buildConfigurationList = 7041B69822BAC1A40089F47C /* Build configuration list for PBXNativeTarget "PreviewCheckTests" */;
			buildPhases = (
				7041B67D22BAC1A40089F47C /* Sources */,
				7041B67E22BAC1A40089F47C /* Frameworks */,
				7041B67F22BAC1A40089F47C /* Resources */,
			);
			buildRules = (
			);
			dependencies = (
				7041B68322BAC1A40089F47C /* PBXTargetDependency */,
			);
			name = PreviewCheckTests;
			productName = PreviewCheckTests;
			productReference = 7041B68122BAC1A40089F47C /* PreviewCheckTests.xctest */;
			productType = "com.apple.product-type.bundle.unit-test";
		};
		7041B68B22BAC1A40089F47C /* PreviewCheckUITests */ = {
			isa = PBXNativeTarget;
			buildConfigurationList = 7041B69B22BAC1A40089F47C /* Build configuration list for PBXNativeTarget "PreviewCheckUITests" */;
			buildPhases = (
				7041B68822BAC1A40089F47C /* Sources */,
				7041B68922BAC1A40089F47C /* Frameworks */,
				7041B68A22BAC1A40089F47C /* Resources */,
			);
			buildRules = (
			);
			dependencies = (
				7041B68E22BAC1A40089F47C /* PBXTargetDependency */,
			);
			name = PreviewCheckUITests;
			productName = PreviewCheckUITests;
			productReference = 7041B68C22BAC1A40089F47C /* PreviewCheckUITests.xctest */;
			productType = "com.apple.product-type.bundle.ui-testing";
		};
/* End PBXNativeTarget section */

/* Begin PBXProject section */
		7041B66322BAC1A30089F47C /* Project object */ = {
			isa = PBXProject;
			attributes = {
				LastSwiftUpdateCheck = 1100;
				LastUpgradeCheck = 1100;
				ORGANIZATIONNAME = szotp;
				TargetAttributes = {
					7041B66A22BAC1A30089F47C = {
						CreatedOnToolsVersion = 11.0;
					};
					7041B68022BAC1A40089F47C = {
						CreatedOnToolsVersion = 11.0;
						TestTargetID = 7041B66A22BAC1A30089F47C;
					};
					7041B68B22BAC1A40089F47C = {
						CreatedOnToolsVersion = 11.0;
						TestTargetID = 7041B66A22BAC1A30089F47C;
					};
				};
			};
			buildConfigurationList = 7041B66622BAC1A30089F47C /* Build configuration list for PBXProject "PreviewCheck" */;
			compatibilityVersion = "Xcode 9.3";
			developmentRegion = en;
			hasScannedForEncodings = 0;
			knownRegions = (
				en,
				Base,
			);
			mainGroup = 7041B66222BAC1A30089F47C;
			productRefGroup = 7041B66C22BAC1A30089F47C /* Products */;
			projectDirPath = "";
			projectRoot = "";
			targets = (
				7041B66A22BAC1A30089F47C /* PreviewCheck */,
				7041B68022BAC1A40089F47C /* PreviewCheckTests */,
				7041B68B22BAC1A40089F47C /* PreviewCheckUITests */,
			);
		};
/* End PBXProject section */

/* Begin PBXResourcesBuildPhase section */
		7041B66922BAC1A30089F47C /* Resources */ = {
			isa = PBXResourcesBuildPhase;
			buildActionMask = 2147483647;
			files = (
				7041B67B22BAC1A40089F47C /* LaunchScreen.storyboard in Resources */,
				7041B67822BAC1A40089F47C /* Assets.xcassets in Resources */,
				7041B67622BAC1A30089F47C /* Main.storyboard in Resources */,
			);
			runOnlyForDeploymentPostprocessing = 0;
		};
		7041B67F22BAC1A40089F47C /* Resources */ = {
			isa = PBXResourcesBuildPhase;
			buildActionMask = 2147483647;
			files = (
			);
			runOnlyForDeploymentPostprocessing = 0;
		};
		7041B68A22BAC1A40089F47C /* Resources */ = {
			isa = PBXResourcesBuildPhase;
			buildActionMask = 2147483647;
			files = (
			);
			runOnlyForDeploymentPostprocessing = 0;
		};
/* End PBXResourcesBuildPhase section */

/* Begin PBXSourcesBuildPhase section */
		7041B66722BAC1A30089F47C /* Sources */ = {
			isa = PBXSourcesBuildPhase;
			buildActionMask = 2147483647;
			files = (
				7041B67322BAC1A30089F47C /* ViewController.swift in Sources */,
				7041B66F22BAC1A30089F47C /* AppDelegate.swift in Sources */,
				7041B67122BAC1A30089F47C /* SceneDelegate.swift in Sources */,
			);
			runOnlyForDeploymentPostprocessing = 0;
		};
		7041B67D22BAC1A40089F47C /* Sources */ = {
			isa = PBXSourcesBuildPhase;
			buildActionMask = 2147483647;
			files = (
				7041B68622BAC1A40089F47C /* PreviewCheckTests.swift in Sources */,
			);
			runOnlyForDeploymentPostprocessing = 0;
		};
		7041B68822BAC1A40089F47C /* Sources */ = {
			isa = PBXSourcesBuildPhase;
			buildActionMask = 2147483647;
			files = (
				7041B69122BAC1A40089F47C /* PreviewCheckUITests.swift in Sources */,
			);
			runOnlyForDeploymentPostprocessing = 0;
		};
/* End PBXSourcesBuildPhase section */

/* Begin PBXTargetDependency section */
		7041B68322BAC1A40089F47C /* PBXTargetDependency */ = {
			isa = PBXTargetDependency;
			target = 7041B66A22BAC1A30089F47C /* PreviewCheck */;
			targetProxy = 7041B68222BAC1A40089F47C /* PBXContainerItemProxy */;
		};
		7041B68E22BAC1A40089F47C /* PBXTargetDependency */ = {
			isa = PBXTargetDependency;
			target = 7041B66A22BAC1A30089F47C /* PreviewCheck */;
			targetProxy = 7041B68D22BAC1A40089F47C /* PBXContainerItemProxy */;
		};
/* End PBXTargetDependency section */

/* Begin PBXVariantGroup section */
		7041B67422BAC1A30089F47C /* Main.storyboard */ = {
			isa = PBXVariantGroup;
			children = (
				7041B67522BAC1A30089F47C /* Base */,
			);
			name = Main.storyboard;
			sourceTree = "<group>";
		};
		7041B67922BAC1A40089F47C /* LaunchScreen.storyboard */ = {
			isa = PBXVariantGroup;
			children = (
				7041B67A22BAC1A40089F47C /* Base */,
			);
			name = LaunchScreen.storyboard;
			sourceTree = "<group>";
		};
/* End PBXVariantGroup section */

/* Begin XCBuildConfiguration section */
		7041B69322BAC1A40089F47C /* Debug */ = {
			isa = XCBuildConfiguration;
			buildSettings = {
				ALWAYS_SEARCH_USER_PATHS = NO;
				CLANG_ANALYZER_NONNULL = YES;
				CLANG_ANALYZER_NUMBER_OBJECT_CONVERSION = YES_AGGRESSIVE;
				CLANG_CXX_LANGUAGE_STANDARD = "gnu++14";
				CLANG_CXX_LIBRARY = "libc++";
				CLANG_ENABLE_MODULES = YES;
				CLANG_ENABLE_OBJC_ARC = YES;
				CLANG_ENABLE_OBJC_WEAK = YES;
				CLANG_WARN_BLOCK_CAPTURE_AUTORELEASING = YES;
				CLANG_WARN_BOOL_CONVERSION = YES;
				CLANG_WARN_COMMA = YES;
				CLANG_WARN_CONSTANT_CONVERSION = YES;
				CLANG_WARN_DEPRECATED_OBJC_IMPLEMENTATIONS = YES;
				CLANG_WARN_DIRECT_OBJC_ISA_USAGE = YES_ERROR;
				CLANG_WARN_DOCUMENTATION_COMMENTS = YES;
				CLANG_WARN_EMPTY_BODY = YES;
				CLANG_WARN_ENUM_CONVERSION = YES;
				CLANG_WARN_INFINITE_RECURSION = YES;
				CLANG_WARN_INT_CONVERSION = YES;
				CLANG_WARN_NON_LITERAL_NULL_CONVERSION = YES;
				CLANG_WARN_OBJC_IMPLICIT_RETAIN_SELF = YES;
				CLANG_WARN_OBJC_LITERAL_CONVERSION = YES;
				CLANG_WARN_OBJC_ROOT_CLASS = YES_ERROR;
				CLANG_WARN_RANGE_LOOP_ANALYSIS = YES;
				CLANG_WARN_STRICT_PROTOTYPES = YES;
				CLANG_WARN_SUSPICIOUS_MOVE = YES;
				CLANG_WARN_UNGUARDED_AVAILABILITY = YES_AGGRESSIVE;
				CLANG_WARN_UNREACHABLE_CODE = YES;
				CLANG_WARN__DUPLICATE_METHOD_MATCH = YES;
				COPY_PHASE_STRIP = NO;
				DEBUG_INFORMATION_FORMAT = dwarf;
				ENABLE_STRICT_OBJC_MSGSEND = YES;
				ENABLE_TESTABILITY = YES;
				GCC_C_LANGUAGE_STANDARD = gnu11;
				GCC_DYNAMIC_NO_PIC = NO;
				GCC_NO_COMMON_BLOCKS = YES;
				GCC_OPTIMIZATION_LEVEL = 0;
				GCC_PREPROCESSOR_DEFINITIONS = (
					"DEBUG=1",
					"$(inherited)",
				);
				GCC_WARN_64_TO_32_BIT_CONVERSION = YES;
				GCC_WARN_ABOUT_RETURN_TYPE = YES_ERROR;
				GCC_WARN_UNDECLARED_SELECTOR = YES;
				GCC_WARN_UNINITIALIZED_AUTOS = YES_AGGRESSIVE;
				GCC_WARN_UNUSED_FUNCTION = YES;
				GCC_WARN_UNUSED_VARIABLE = YES;
				IPHONEOS_DEPLOYMENT_TARGET = 13.0;
				MTL_ENABLE_DEBUG_INFO = INCLUDE_SOURCE;
				MTL_FAST_MATH = YES;
				ONLY_ACTIVE_ARCH = YES;
				SDKROOT = iphoneos;
				SWIFT_ACTIVE_COMPILATION_CONDITIONS = DEBUG;
				SWIFT_OPTIMIZATION_LEVEL = "-Onone";
			};
			name = Debug;
		};
		7041B69422BAC1A40089F47C /* Release */ = {
			isa = XCBuildConfiguration;
			buildSettings = {
				ALWAYS_SEARCH_USER_PATHS = NO;
				CLANG_ANALYZER_NONNULL = YES;
				CLANG_ANALYZER_NUMBER_OBJECT_CONVERSION = YES_AGGRESSIVE;
				CLANG_CXX_LANGUAGE_STANDARD = "gnu++14";
				CLANG_CXX_LIBRARY = "libc++";
				CLANG_ENABLE_MODULES = YES;
				CLANG_ENABLE_OBJC_ARC = YES;
				CLANG_ENABLE_OBJC_WEAK = YES;
				CLANG_WARN_BLOCK_CAPTURE_AUTORELEASING = YES;
				CLANG_WARN_BOOL_CONVERSION = YES;
				CLANG_WARN_COMMA = YES;
				CLANG_WARN_CONSTANT_CONVERSION = YES;
				CLANG_WARN_DEPRECATED_OBJC_IMPLEMENTATIONS = YES;
				CLANG_WARN_DIRECT_OBJC_ISA_USAGE = YES_ERROR;
				CLANG_WARN_DOCUMENTATION_COMMENTS = YES;
				CLANG_WARN_EMPTY_BODY = YES;
				CLANG_WARN_ENUM_CONVERSION = YES;
				CLANG_WARN_INFINITE_RECURSION = YES;
				CLANG_WARN_INT_CONVERSION = YES;
				CLANG_WARN_NON_LITERAL_NULL_CONVERSION = YES;
				CLANG_WARN_OBJC_IMPLICIT_RETAIN_SELF = YES;
				CLANG_WARN_OBJC_LITERAL_CONVERSION = YES;
				CLANG_WARN_OBJC_ROOT_CLASS = YES_ERROR;
				CLANG_WARN_RANGE_LOOP_ANALYSIS = YES;
				CLANG_WARN_STRICT_PROTOTYPES = YES;
				CLANG_WARN_SUSPICIOUS_MOVE = YES;
				CLANG_WARN_UNGUARDED_AVAILABILITY = YES_AGGRESSIVE;
				CLANG_WARN_UNREACHABLE_CODE = YES;
				CLANG_WARN__DUPLICATE_METHOD_MATCH = YES;
				COPY_PHASE_STRIP = NO;
				DEBUG_INFORMATION_FORMAT = "dwarf-with-dsym";
				ENABLE_NS_ASSERTIONS = NO;
				ENABLE_STRICT_OBJC_MSGSEND = YES;
				GCC_C_LANGUAGE_STANDARD = gnu11;
				GCC_NO_COMMON_BLOCKS = YES;
				GCC_WARN_64_TO_32_BIT_CONVERSION = YES;
				GCC_WARN_ABOUT_RETURN_TYPE = YES_ERROR;
				GCC_WARN_UNDECLARED_SELECTOR = YES;
				GCC_WARN_UNINITIALIZED_AUTOS = YES_AGGRESSIVE;
				GCC_WARN_UNUSED_FUNCTION = YES;
				GCC_WARN_UNUSED_VARIABLE = YES;
				IPHONEOS_DEPLOYMENT_TARGET = 13.0;
				MTL_ENABLE_DEBUG_INFO = NO;
				MTL_FAST_MATH = YES;
				SDKROOT = iphoneos;
				SWIFT_COMPILATION_MODE = wholemodule;
				SWIFT_OPTIMIZATION_LEVEL = "-O";
				VALIDATE_PRODUCT = YES;
			};
			name = Release;
		};
		7041B69622BAC1A40089F47C /* Debug */ = {
			isa = XCBuildConfiguration;
			buildSettings = {
				ASSETCATALOG_COMPILER_APPICON_NAME = AppIcon;
				CODE_SIGN_STYLE = Automatic;
				INFOPLIST_FILE = PreviewCheck/Info.plist;
				LD_RUNPATH_SEARCH_PATHS = (
					"$(inherited)",
					"@executable_path/Frameworks",
				);
				PRODUCT_BUNDLE_IDENTIFIER = szot.PreviewCheck;
				PRODUCT_NAME = "$(TARGET_NAME)";
				SWIFT_VERSION = 5.0;
				TARGETED_DEVICE_FAMILY = "1,2";
			};
			name = Debug;
		};
		7041B69722BAC1A40089F47C /* Release */ = {
			isa = XCBuildConfiguration;
			buildSettings = {
				ASSETCATALOG_COMPILER_APPICON_NAME = AppIcon;
				CODE_SIGN_STYLE = Automatic;
				INFOPLIST_FILE = PreviewCheck/Info.plist;
				LD_RUNPATH_SEARCH_PATHS = (
					"$(inherited)",
					"@executable_path/Frameworks",
				);
				PRODUCT_BUNDLE_IDENTIFIER = szot.PreviewCheck;
				PRODUCT_NAME = "$(TARGET_NAME)";
				SWIFT_VERSION = 5.0;
				TARGETED_DEVICE_FAMILY = "1,2";
			};
			name = Release;
		};
		7041B69922BAC1A40089F47C /* Debug */ = {
			isa = XCBuildConfiguration;
			buildSettings = {
				ALWAYS_EMBED_SWIFT_STANDARD_LIBRARIES = YES;
				BUNDLE_LOADER = "$(TEST_HOST)";
				CODE_SIGN_STYLE = Automatic;
				INFOPLIST_FILE = PreviewCheckTests/Info.plist;
				LD_RUNPATH_SEARCH_PATHS = (
					"$(inherited)",
					"@executable_path/Frameworks",
					"@loader_path/Frameworks",
				);
				PRODUCT_BUNDLE_IDENTIFIER = szot.PreviewCheckTests;
				PRODUCT_NAME = "$(TARGET_NAME)";
				SWIFT_VERSION = 5.0;
				TARGETED_DEVICE_FAMILY = "1,2";
				TEST_HOST = "$(BUILT_PRODUCTS_DIR)/PreviewCheck.app/PreviewCheck";
			};
			name = Debug;
		};
		7041B69A22BAC1A40089F47C /* Release */ = {
			isa = XCBuildConfiguration;
			buildSettings = {
				ALWAYS_EMBED_SWIFT_STANDARD_LIBRARIES = YES;
				BUNDLE_LOADER = "$(TEST_HOST)";
				CODE_SIGN_STYLE = Automatic;
				INFOPLIST_FILE = PreviewCheckTests/Info.plist;
				LD_RUNPATH_SEARCH_PATHS = (
					"$(inherited)",
					"@executable_path/Frameworks",
					"@loader_path/Frameworks",
				);
				PRODUCT_BUNDLE_IDENTIFIER = szot.PreviewCheckTests;
				PRODUCT_NAME = "$(TARGET_NAME)";
				SWIFT_VERSION = 5.0;
				TARGETED_DEVICE_FAMILY = "1,2";
				TEST_HOST = "$(BUILT_PRODUCTS_DIR)/PreviewCheck.app/PreviewCheck";
			};
			name = Release;
		};
		7041B69C22BAC1A40089F47C /* Debug */ = {
			isa = XCBuildConfiguration;
			buildSettings = {
				ALWAYS_EMBED_SWIFT_STANDARD_LIBRARIES = YES;
				CODE_SIGN_STYLE = Automatic;
				INFOPLIST_FILE = PreviewCheckUITests/Info.plist;
				LD_RUNPATH_SEARCH_PATHS = (
					"$(inherited)",
					"@executable_path/Frameworks",
					"@loader_path/Frameworks",
				);
				PRODUCT_BUNDLE_IDENTIFIER = szot.PreviewCheckUITests;
				PRODUCT_NAME = "$(TARGET_NAME)";
				SWIFT_VERSION = 5.0;
				TARGETED_DEVICE_FAMILY = "1,2";
				TEST_TARGET_NAME = PreviewCheck;
			};
			name = Debug;
		};
		7041B69D22BAC1A40089F47C /* Release */ = {
			isa = XCBuildConfiguration;
			buildSettings = {
				ALWAYS_EMBED_SWIFT_STANDARD_LIBRARIES = YES;
				CODE_SIGN_STYLE = Automatic;
				INFOPLIST_FILE = PreviewCheckUITests/Info.plist;
				LD_RUNPATH_SEARCH_PATHS = (
					"$(inherited)",
					"@executable_path/Frameworks",
					"@loader_path/Frameworks",
				);
				PRODUCT_BUNDLE_IDENTIFIER = szot.PreviewCheckUITests;
				PRODUCT_NAME = "$(TARGET_NAME)";
				SWIFT_VERSION = 5.0;
				TARGETED_DEVICE_FAMILY = "1,2";
				TEST_TARGET_NAME = PreviewCheck;
			};
			name = Release;
		};
/* End XCBuildConfiguration section */

/* Begin XCConfigurationList section */
		7041B66622BAC1A30089F47C /* Build configuration list for PBXProject "PreviewCheck" */ = {
			isa = XCConfigurationList;
			buildConfigurations = (
				7041B69322BAC1A40089F47C /* Debug */,
				7041B69422BAC1A40089F47C /* Release */,
			);
			defaultConfigurationIsVisible = 0;
			defaultConfigurationName = Release;
		};
		7041B69522BAC1A40089F47C /* Build configuration list for PBXNativeTarget "PreviewCheck" */ = {
			isa = XCConfigurationList;
			buildConfigurations = (
				7041B69622BAC1A40089F47C /* Debug */,
				7041B69722BAC1A40089F47C /* Release */,
			);
			defaultConfigurationIsVisible = 0;
			defaultConfigurationName = Release;
		};
		7041B69822BAC1A40089F47C /* Build configuration list for PBXNativeTarget "PreviewCheckTests" */ = {
			isa = XCConfigurationList;
			buildConfigurations = (
				7041B69922BAC1A40089F47C /* Debug */,
				7041B69A22BAC1A40089F47C /* Release */,
			);
			defaultConfigurationIsVisible = 0;
			defaultConfigurationName = Release;
		};
		7041B69B22BAC1A40089F47C /* Build configuration list for PBXNativeTarget "PreviewCheckUITests" */ = {
			isa = XCConfigurationList;
			buildConfigurations = (
				7041B69C22BAC1A40089F47C /* Debug */,
				7041B69D22BAC1A40089F47C /* Release */,
			);
			defaultConfigurationIsVisible = 0;
			defaultConfigurationName = Release;
		};
/* End XCConfigurationList section */
	};
	rootObject = 7041B66322BAC1A30089F47C /* Project object */;
}
